
Microsoft Visual Studio Solution File, Format Version 12.00
# Visual Studio Version 16
VisualStudioVersion = 16.0.30413.136
MinimumVisualStudioVersion = 10.0.40219.1
Project("{888888A0-9F3D-457C-B088-3A5042F75D52}") = "Price_Calculator", "Test_01\Price_Calculator.pyproj", "{D179ED2A-57A1-40AD-A0B3-73DDC6797C80}"
EndProject
Global
	GlobalSection(SolutionConfigurationPlatforms) = preSolution
		Debug|Any CPU = Debug|Any CPU
		Release|Any CPU = Release|Any CPU
	EndGlobalSection
	GlobalSection(ProjectConfigurationPlatforms) = postSolution
		{D179ED2A-57A1-40AD-A0B3-73DDC6797C80}.Debug|Any CPU.ActiveCfg = Debug|Any CPU
		{D179ED2A-57A1-40AD-A0B3-73DDC6797C80}.Release|Any CPU.ActiveCfg = Release|Any CPU
	EndGlobalSection
	GlobalSection(SolutionProperties) = preSolution
		HideSolutionNode = FALSE
	EndGlobalSection
	GlobalSection(ExtensibilityGlobals) = postSolution
		SolutionGuid = {986E0CFD-BDD2-44CA-9100-610235C15C7B}
	EndGlobalSection
EndGlobal
